
Microsoft Visual Studio Solution File, Format Version 12.00
# Visual Studio 15
VisualStudioVersion = 15.0.28010.2016
MinimumVisualStudioVersion = 10.0.40219.1
Project("{FAE04EC0-301F-11D3-BF4B-00C04F79EFBC}") = "FinalIanMartin", "FinalIanMartin\FinalIanMartin.csproj", "{07508737-9247-4F1F-B6B7-55F9A0585064}"
EndProject
Global
	GlobalSection(SolutionConfigurationPlatforms) = preSolution
		Debug|Any CPU = Debug|Any CPU
		Release|Any CPU = Release|Any CPU
	EndGlobalSection
	GlobalSection(ProjectConfigurationPlatforms) = postSolution
		{07508737-9247-4F1F-B6B7-55F9A0585064}.Debug|Any CPU.ActiveCfg = Debug|Any CPU
		{07508737-9247-4F1F-B6B7-55F9A0585064}.Debug|Any CPU.Build.0 = Debug|Any CPU
		{07508737-9247-4F1F-B6B7-55F9A0585064}.Release|Any CPU.ActiveCfg = Release|Any CPU
		{07508737-9247-4F1F-B6B7-55F9A0585064}.Release|Any CPU.Build.0 = Release|Any CPU
	EndGlobalSection
	GlobalSection(SolutionProperties) = preSolution
		HideSolutionNode = FALSE
	EndGlobalSection
	GlobalSection(ExtensibilityGlobals) = postSolution
		SolutionGuid = {7C3FB352-56E5-4267-820A-5C2A703D7D52}
	EndGlobalSection
EndGlobal
